
Microsoft Visual Studio Solution File, Format Version 12.00
# Visual Studio Version 16
VisualStudioVersion = 16.0.29123.88
MinimumVisualStudioVersion = 10.0.40219.1
Project("{FAE04EC0-301F-11D3-BF4B-00C04F79EFBC}") = "TrainingSession11Project", "TrainingSession11Project\TrainingSession11Project.csproj", "{3468BCB7-9896-4DA0-82DF-2614F939C46D}"
EndProject
Global
	GlobalSection(SolutionConfigurationPlatforms) = preSolution
		Debug|Any CPU = Debug|Any CPU
		Release|Any CPU = Release|Any CPU
	EndGlobalSection
	GlobalSection(ProjectConfigurationPlatforms) = postSolution
		{3468BCB7-9896-4DA0-82DF-2614F939C46D}.Debug|Any CPU.ActiveCfg = Debug|Any CPU
		{3468BCB7-9896-4DA0-82DF-2614F939C46D}.Debug|Any CPU.Build.0 = Debug|Any CPU
		{3468BCB7-9896-4DA0-82DF-2614F939C46D}.Release|Any CPU.ActiveCfg = Release|Any CPU
		{3468BCB7-9896-4DA0-82DF-2614F939C46D}.Release|Any CPU.Build.0 = Release|Any CPU
	EndGlobalSection
	GlobalSection(SolutionProperties) = preSolution
		HideSolutionNode = FALSE
	EndGlobalSection
	GlobalSection(ExtensibilityGlobals) = postSolution
		SolutionGuid = {907274F6-8090-46FE-B62D-5615745CAE6E}
	EndGlobalSection
EndGlobal
